
Microsoft Visual Studio Solution File, Format Version 12.00
# Visual Studio 2012
Project("{FAE04EC0-301F-11D3-BF4B-00C04F79EFBC}") = "MvcBloggy.Web", "src\MvcBloggy.Web\MvcBloggy.Web.csproj", "{6FFD39A6-1F2D-4B6E-BDA7-DF542CE88409}"
EndProject
Project("{FAE04EC0-301F-11D3-BF4B-00C04F79EFBC}") = "MvcBloggy.Resources", "src\MvcBloggy.Resources\MvcBloggy.Resources.csproj", "{D60DC23F-A919-47FB-9AC9-540B39098EC7}"
EndProject
Project("{2150E333-8FDC-42A3-9474-1A3956D46DE8}") = ".nuget", ".nuget", "{79D75172-6A79-4C03-8133-79EFA1058C3D}"
	ProjectSection(SolutionItems) = preProject
		.nuget\NuGet.exe = .nuget\NuGet.exe
		.nuget\NuGet.targets = .nuget\NuGet.targets
	EndProjectSection
EndProject
Project("{2150E333-8FDC-42A3-9474-1A3956D46DE8}") = "Test", "Test", "{951605B1-5E9E-47DF-B7E1-D772F5853E3C}"
EndProject
Project("{FAE04EC0-301F-11D3-BF4B-00C04F79EFBC}") = "MvcBloggy.API", "src\MvcBloggy.API\MvcBloggy.API.csproj", "{4929E98C-0616-42AF-8AAE-C83E60F4B8DB}"
EndProject
Project("{FAE04EC0-301F-11D3-BF4B-00C04F79EFBC}") = "MvcBloggy.Domain", "src\MvcBloggy.Domain\MvcBloggy.Domain.csproj", "{C7BBE95D-F06C-4E45-A239-3B677DDF61B3}"
EndProject
Project("{FAE04EC0-301F-11D3-BF4B-00C04F79EFBC}") = "MvcBloggy.API.Test", "Tests\MvcBloggy.API.Test\MvcBloggy.API.Test.csproj", "{1EF9A107-AE56-41C0-A3F5-D4A2C0CC175E}"
EndProject
Project("{FAE04EC0-301F-11D3-BF4B-00C04F79EFBC}") = "MvcBloggy.Tests", "Tests\MvcBloggy.Tests\MvcBloggy.Tests.csproj", "{0F5C61A2-A470-4871-972B-C8E9138EFEF2}"
EndProject
Project("{FAE04EC0-301F-11D3-BF4B-00C04F79EFBC}") = "MvcBloggy.API.Model", "src\MvcBloggy.API.Model\MvcBloggy.API.Model.csproj", "{491AFCAD-7716-4DCC-99F1-CAD35646BD19}"
EndProject
Project("{FAE04EC0-301F-11D3-BF4B-00C04F79EFBC}") = "MvcBloggy.API.Client", "Src\MvcBloggy.API.Client\MvcBloggy.API.Client.csproj", "{6301B2CE-F776-4909-AE9C-6F0694E2BBE0}"
EndProject
Project("{2150E333-8FDC-42A3-9474-1A3956D46DE8}") = "Build", "Build", "{2E68CC6B-2FBF-46E2-B9C0-A9823005026A}"
	ProjectSection(SolutionItems) = preProject
		LICENSE.md = LICENSE.md
		scripts\MvcBloggy.msbuild = scripts\MvcBloggy.msbuild
		scripts\MvcBloggy.properties = scripts\MvcBloggy.properties
		scripts\MvcBloggy.xunit.targets = scripts\MvcBloggy.xunit.targets
		README.md = README.md
	EndProjectSection
EndProject
Project("{2150E333-8FDC-42A3-9474-1A3956D46DE8}") = "Client", "Client", "{233EDA73-36F9-4B45-B5E0-EA2C8BEE7FA1}"
EndProject
Project("{2150E333-8FDC-42A3-9474-1A3956D46DE8}") = "Core", "Core", "{2A0B69B4-3C5A-4E62-8874-539C6FA49C67}"
EndProject
Global
	GlobalSection(SolutionConfigurationPlatforms) = preSolution
		Debug|Any CPU = Debug|Any CPU
		Release|Any CPU = Release|Any CPU
	EndGlobalSection
	GlobalSection(ProjectConfigurationPlatforms) = postSolution
		{6FFD39A6-1F2D-4B6E-BDA7-DF542CE88409}.Debug|Any CPU.ActiveCfg = Debug|Any CPU
		{6FFD39A6-1F2D-4B6E-BDA7-DF542CE88409}.Debug|Any CPU.Build.0 = Debug|Any CPU
		{6FFD39A6-1F2D-4B6E-BDA7-DF542CE88409}.Release|Any CPU.ActiveCfg = Release|Any CPU
		{6FFD39A6-1F2D-4B6E-BDA7-DF542CE88409}.Release|Any CPU.Build.0 = Release|Any CPU
		{D60DC23F-A919-47FB-9AC9-540B39098EC7}.Debug|Any CPU.ActiveCfg = Debug|Any CPU
		{D60DC23F-A919-47FB-9AC9-540B39098EC7}.Debug|Any CPU.Build.0 = Debug|Any CPU
		{D60DC23F-A919-47FB-9AC9-540B39098EC7}.Release|Any CPU.ActiveCfg = Release|Any CPU
		{D60DC23F-A919-47FB-9AC9-540B39098EC7}.Release|Any CPU.Build.0 = Release|Any CPU
		{4929E98C-0616-42AF-8AAE-C83E60F4B8DB}.Debug|Any CPU.ActiveCfg = Debug|Any CPU
		{4929E98C-0616-42AF-8AAE-C83E60F4B8DB}.Debug|Any CPU.Build.0 = Debug|Any CPU
		{4929E98C-0616-42AF-8AAE-C83E60F4B8DB}.Release|Any CPU.ActiveCfg = Release|Any CPU
		{4929E98C-0616-42AF-8AAE-C83E60F4B8DB}.Release|Any CPU.Build.0 = Release|Any CPU
		{C7BBE95D-F06C-4E45-A239-3B677DDF61B3}.Debug|Any CPU.ActiveCfg = Debug|Any CPU
		{C7BBE95D-F06C-4E45-A239-3B677DDF61B3}.Debug|Any CPU.Build.0 = Debug|Any CPU
		{C7BBE95D-F06C-4E45-A239-3B677DDF61B3}.Release|Any CPU.ActiveCfg = Release|Any CPU
		{C7BBE95D-F06C-4E45-A239-3B677DDF61B3}.Release|Any CPU.Build.0 = Release|Any CPU
		{1EF9A107-AE56-41C0-A3F5-D4A2C0CC175E}.Debug|Any CPU.ActiveCfg = Debug|Any CPU
		{1EF9A107-AE56-41C0-A3F5-D4A2C0CC175E}.Debug|Any CPU.Build.0 = Debug|Any CPU
		{1EF9A107-AE56-41C0-A3F5-D4A2C0CC175E}.Release|Any CPU.ActiveCfg = Release|Any CPU
		{1EF9A107-AE56-41C0-A3F5-D4A2C0CC175E}.Release|Any CPU.Build.0 = Release|Any CPU
		{0F5C61A2-A470-4871-972B-C8E9138EFEF2}.Debug|Any CPU.ActiveCfg = Debug|Any CPU
		{0F5C61A2-A470-4871-972B-C8E9138EFEF2}.Debug|Any CPU.Build.0 = Debug|Any CPU
		{0F5C61A2-A470-4871-972B-C8E9138EFEF2}.Release|Any CPU.ActiveCfg = Release|Any CPU
		{0F5C61A2-A470-4871-972B-C8E9138EFEF2}.Release|Any CPU.Build.0 = Release|Any CPU
		{491AFCAD-7716-4DCC-99F1-CAD35646BD19}.Debug|Any CPU.ActiveCfg = Debug|Any CPU
		{491AFCAD-7716-4DCC-99F1-CAD35646BD19}.Debug|Any CPU.Build.0 = Debug|Any CPU
		{491AFCAD-7716-4DCC-99F1-CAD35646BD19}.Release|Any CPU.ActiveCfg = Release|Any CPU
		{491AFCAD-7716-4DCC-99F1-CAD35646BD19}.Release|Any CPU.Build.0 = Release|Any CPU
		{6301B2CE-F776-4909-AE9C-6F0694E2BBE0}.Debug|Any CPU.ActiveCfg = Debug|Any CPU
		{6301B2CE-F776-4909-AE9C-6F0694E2BBE0}.Debug|Any CPU.Build.0 = Debug|Any CPU
		{6301B2CE-F776-4909-AE9C-6F0694E2BBE0}.Release|Any CPU.ActiveCfg = Release|Any CPU
		{6301B2CE-F776-4909-AE9C-6F0694E2BBE0}.Release|Any CPU.Build.0 = Release|Any CPU
	EndGlobalSection
	GlobalSection(SolutionProperties) = preSolution
		HideSolutionNode = FALSE
	EndGlobalSection
	GlobalSection(NestedProjects) = preSolution
		{6301B2CE-F776-4909-AE9C-6F0694E2BBE0} = {233EDA73-36F9-4B45-B5E0-EA2C8BEE7FA1}
		{6FFD39A6-1F2D-4B6E-BDA7-DF542CE88409} = {233EDA73-36F9-4B45-B5E0-EA2C8BEE7FA1}
		{4929E98C-0616-42AF-8AAE-C83E60F4B8DB} = {2A0B69B4-3C5A-4E62-8874-539C6FA49C67}
		{C7BBE95D-F06C-4E45-A239-3B677DDF61B3} = {2A0B69B4-3C5A-4E62-8874-539C6FA49C67}
		{491AFCAD-7716-4DCC-99F1-CAD35646BD19} = {2A0B69B4-3C5A-4E62-8874-539C6FA49C67}
		{D60DC23F-A919-47FB-9AC9-540B39098EC7} = {2A0B69B4-3C5A-4E62-8874-539C6FA49C67}
		{1EF9A107-AE56-41C0-A3F5-D4A2C0CC175E} = {951605B1-5E9E-47DF-B7E1-D772F5853E3C}
		{0F5C61A2-A470-4871-972B-C8E9138EFEF2} = {951605B1-5E9E-47DF-B7E1-D772F5853E3C}
	EndGlobalSection
EndGlobal
