
Microsoft Visual Studio Solution File, Format Version 12.00
# Visual Studio 11
Project("{FAE04EC0-301F-11D3-BF4B-00C04F79EFBC}") = "MvcBloggy.Web", "src\MvcBloggy.Web\MvcBloggy.Web.csproj", "{6FFD39A6-1F2D-4B6E-BDA7-DF542CE88409}"
EndProject
Project("{FAE04EC0-301F-11D3-BF4B-00C04F79EFBC}") = "MvcBloggy.Data", "src\MvcBloggy.Data\MvcBloggy.Data.csproj", "{607536AC-76B2-400E-B147-6A9148B4F941}"
EndProject
Project("{FAE04EC0-301F-11D3-BF4B-00C04F79EFBC}") = "MvcBloggy.Resources", "src\MvcBloggy.Resources\MvcBloggy.Resources.csproj", "{D60DC23F-A919-47FB-9AC9-540B39098EC7}"
EndProject
Project("{FAE04EC0-301F-11D3-BF4B-00C04F79EFBC}") = "MvcBloggy.Tests", "src\MvcBloggy.Tests\MvcBloggy.Tests.csproj", "{0F5C61A2-A470-4871-972B-C8E9138EFEF2}"
EndProject
Project("{2150E333-8FDC-42A3-9474-1A3956D46DE8}") = ".nuget", ".nuget", "{79D75172-6A79-4C03-8133-79EFA1058C3D}"
	ProjectSection(SolutionItems) = preProject
		.nuget\NuGet.exe = .nuget\NuGet.exe
		.nuget\NuGet.targets = .nuget\NuGet.targets
	EndProjectSection
EndProject
Project("{2150E333-8FDC-42A3-9474-1A3956D46DE8}") = "test", "test", "{F223FCD4-EF51-4C8B-AEA1-97830BC8019D}"
EndProject
Project("{2150E333-8FDC-42A3-9474-1A3956D46DE8}") = "app", "app", "{77EA7308-861E-4C4A-811E-FC00718516E4}"
EndProject
Project("{2150E333-8FDC-42A3-9474-1A3956D46DE8}") = "db", "db", "{57DFC1AD-4EB4-4B04-BCB0-2D3C4CD329CB}"
EndProject
Project("{00D1A9C2-B5F0-4AF3-8072-F6C62B433612}") = "MvcBloggy.SqlServer", "src\MvcBloggy.SqlServer\MvcBloggy.SqlServer.sqlproj", "{5633AE58-CADC-45B1-9340-A78109021690}"
EndProject
Global
	GlobalSection(SolutionConfigurationPlatforms) = preSolution
		Debug|Any CPU = Debug|Any CPU
		Release|Any CPU = Release|Any CPU
	EndGlobalSection
	GlobalSection(ProjectConfigurationPlatforms) = postSolution
		{0F5C61A2-A470-4871-972B-C8E9138EFEF2}.Debug|Any CPU.ActiveCfg = Debug|Any CPU
		{0F5C61A2-A470-4871-972B-C8E9138EFEF2}.Debug|Any CPU.Build.0 = Debug|Any CPU
		{0F5C61A2-A470-4871-972B-C8E9138EFEF2}.Release|Any CPU.ActiveCfg = Release|Any CPU
		{0F5C61A2-A470-4871-972B-C8E9138EFEF2}.Release|Any CPU.Build.0 = Release|Any CPU
		{5633AE58-CADC-45B1-9340-A78109021690}.Debug|Any CPU.ActiveCfg = Debug|Any CPU
		{5633AE58-CADC-45B1-9340-A78109021690}.Debug|Any CPU.Build.0 = Debug|Any CPU
		{5633AE58-CADC-45B1-9340-A78109021690}.Debug|Any CPU.Deploy.0 = Debug|Any CPU
		{5633AE58-CADC-45B1-9340-A78109021690}.Release|Any CPU.ActiveCfg = Release|Any CPU
		{5633AE58-CADC-45B1-9340-A78109021690}.Release|Any CPU.Build.0 = Release|Any CPU
		{5633AE58-CADC-45B1-9340-A78109021690}.Release|Any CPU.Deploy.0 = Release|Any CPU
		{607536AC-76B2-400E-B147-6A9148B4F941}.Debug|Any CPU.ActiveCfg = Debug|Any CPU
		{607536AC-76B2-400E-B147-6A9148B4F941}.Debug|Any CPU.Build.0 = Debug|Any CPU
		{607536AC-76B2-400E-B147-6A9148B4F941}.Release|Any CPU.ActiveCfg = Release|Any CPU
		{607536AC-76B2-400E-B147-6A9148B4F941}.Release|Any CPU.Build.0 = Release|Any CPU
		{6FFD39A6-1F2D-4B6E-BDA7-DF542CE88409}.Debug|Any CPU.ActiveCfg = Debug|Any CPU
		{6FFD39A6-1F2D-4B6E-BDA7-DF542CE88409}.Debug|Any CPU.Build.0 = Debug|Any CPU
		{6FFD39A6-1F2D-4B6E-BDA7-DF542CE88409}.Release|Any CPU.ActiveCfg = Release|Any CPU
		{6FFD39A6-1F2D-4B6E-BDA7-DF542CE88409}.Release|Any CPU.Build.0 = Release|Any CPU
		{D60DC23F-A919-47FB-9AC9-540B39098EC7}.Debug|Any CPU.ActiveCfg = Debug|Any CPU
		{D60DC23F-A919-47FB-9AC9-540B39098EC7}.Debug|Any CPU.Build.0 = Debug|Any CPU
		{D60DC23F-A919-47FB-9AC9-540B39098EC7}.Release|Any CPU.ActiveCfg = Release|Any CPU
		{D60DC23F-A919-47FB-9AC9-540B39098EC7}.Release|Any CPU.Build.0 = Release|Any CPU
	EndGlobalSection
	GlobalSection(SolutionProperties) = preSolution
		HideSolutionNode = FALSE
	EndGlobalSection
	GlobalSection(NestedProjects) = preSolution
		{0F5C61A2-A470-4871-972B-C8E9138EFEF2} = {F223FCD4-EF51-4C8B-AEA1-97830BC8019D}
		{5633AE58-CADC-45B1-9340-A78109021690} = {57DFC1AD-4EB4-4B04-BCB0-2D3C4CD329CB}
		{607536AC-76B2-400E-B147-6A9148B4F941} = {77EA7308-861E-4C4A-811E-FC00718516E4}
		{6FFD39A6-1F2D-4B6E-BDA7-DF542CE88409} = {77EA7308-861E-4C4A-811E-FC00718516E4}
		{D60DC23F-A919-47FB-9AC9-540B39098EC7} = {77EA7308-861E-4C4A-811E-FC00718516E4}
	EndGlobalSection
EndGlobal
