
Microsoft Visual Studio Solution File, Format Version 12.00
# Visual Studio 2012
Project("{FAE04EC0-301F-11D3-BF4B-00C04F79EFBC}") = "MvcBloggy.Web", "src\MvcBloggy.Web\MvcBloggy.Web.csproj", "{6FFD39A6-1F2D-4B6E-BDA7-DF542CE88409}"
EndProject
Project("{FAE04EC0-301F-11D3-BF4B-00C04F79EFBC}") = "MvcBloggy.Data", "src\MvcBloggy.Data\MvcBloggy.Data.csproj", "{607536AC-76B2-400E-B147-6A9148B4F941}"
EndProject
Project("{FAE04EC0-301F-11D3-BF4B-00C04F79EFBC}") = "MvcBloggy.Resources", "src\MvcBloggy.Resources\MvcBloggy.Resources.csproj", "{D60DC23F-A919-47FB-9AC9-540B39098EC7}"
EndProject
Project("{2150E333-8FDC-42A3-9474-1A3956D46DE8}") = ".nuget", ".nuget", "{79D75172-6A79-4C03-8133-79EFA1058C3D}"
	ProjectSection(SolutionItems) = preProject
		.nuget\NuGet.exe = .nuget\NuGet.exe
		.nuget\NuGet.targets = .nuget\NuGet.targets
	EndProjectSection
EndProject
Project("{2150E333-8FDC-42A3-9474-1A3956D46DE8}") = "Core", "Core", "{547BD5EC-90E8-4F2B-A612-52C0ECAA34A4}"
EndProject
Project("{2150E333-8FDC-42A3-9474-1A3956D46DE8}") = "Test", "Test", "{951605B1-5E9E-47DF-B7E1-D772F5853E3C}"
EndProject
Project("{2150E333-8FDC-42A3-9474-1A3956D46DE8}") = "Web", "Web", "{CB7FF5D2-2264-4D39-85E4-3929336F6043}"
EndProject
Project("{FAE04EC0-301F-11D3-BF4B-00C04F79EFBC}") = "MvcBloggy.API", "src\MvcBloggy.API\MvcBloggy.API.csproj", "{4929E98C-0616-42AF-8AAE-C83E60F4B8DB}"
EndProject
Project("{FAE04EC0-301F-11D3-BF4B-00C04F79EFBC}") = "MvcBloggy.Domain", "src\MvcBloggy.Domain\MvcBloggy.Domain.csproj", "{C7BBE95D-F06C-4E45-A239-3B677DDF61B3}"
EndProject
Project("{FAE04EC0-301F-11D3-BF4B-00C04F79EFBC}") = "MvcBloggy.API.Test", "Tests\MvcBloggy.API.Test\MvcBloggy.API.Test.csproj", "{1EF9A107-AE56-41C0-A3F5-D4A2C0CC175E}"
EndProject
Project("{FAE04EC0-301F-11D3-BF4B-00C04F79EFBC}") = "MvcBloggy.Tests", "Tests\MvcBloggy.Tests\MvcBloggy.Tests.csproj", "{0F5C61A2-A470-4871-972B-C8E9138EFEF2}"
EndProject
Global
	GlobalSection(SolutionConfigurationPlatforms) = preSolution
		Debug|Any CPU = Debug|Any CPU
		Release|Any CPU = Release|Any CPU
	EndGlobalSection
	GlobalSection(ProjectConfigurationPlatforms) = postSolution
		{6FFD39A6-1F2D-4B6E-BDA7-DF542CE88409}.Debug|Any CPU.ActiveCfg = Debug|Any CPU
		{6FFD39A6-1F2D-4B6E-BDA7-DF542CE88409}.Debug|Any CPU.Build.0 = Debug|Any CPU
		{6FFD39A6-1F2D-4B6E-BDA7-DF542CE88409}.Release|Any CPU.ActiveCfg = Release|Any CPU
		{6FFD39A6-1F2D-4B6E-BDA7-DF542CE88409}.Release|Any CPU.Build.0 = Release|Any CPU
		{607536AC-76B2-400E-B147-6A9148B4F941}.Debug|Any CPU.ActiveCfg = Debug|Any CPU
		{607536AC-76B2-400E-B147-6A9148B4F941}.Debug|Any CPU.Build.0 = Debug|Any CPU
		{607536AC-76B2-400E-B147-6A9148B4F941}.Release|Any CPU.ActiveCfg = Release|Any CPU
		{607536AC-76B2-400E-B147-6A9148B4F941}.Release|Any CPU.Build.0 = Release|Any CPU
		{D60DC23F-A919-47FB-9AC9-540B39098EC7}.Debug|Any CPU.ActiveCfg = Debug|Any CPU
		{D60DC23F-A919-47FB-9AC9-540B39098EC7}.Debug|Any CPU.Build.0 = Debug|Any CPU
		{D60DC23F-A919-47FB-9AC9-540B39098EC7}.Release|Any CPU.ActiveCfg = Release|Any CPU
		{D60DC23F-A919-47FB-9AC9-540B39098EC7}.Release|Any CPU.Build.0 = Release|Any CPU
		{4929E98C-0616-42AF-8AAE-C83E60F4B8DB}.Debug|Any CPU.ActiveCfg = Debug|Any CPU
		{4929E98C-0616-42AF-8AAE-C83E60F4B8DB}.Debug|Any CPU.Build.0 = Debug|Any CPU
		{4929E98C-0616-42AF-8AAE-C83E60F4B8DB}.Release|Any CPU.ActiveCfg = Release|Any CPU
		{4929E98C-0616-42AF-8AAE-C83E60F4B8DB}.Release|Any CPU.Build.0 = Release|Any CPU
		{C7BBE95D-F06C-4E45-A239-3B677DDF61B3}.Debug|Any CPU.ActiveCfg = Debug|Any CPU
		{C7BBE95D-F06C-4E45-A239-3B677DDF61B3}.Debug|Any CPU.Build.0 = Debug|Any CPU
		{C7BBE95D-F06C-4E45-A239-3B677DDF61B3}.Release|Any CPU.ActiveCfg = Release|Any CPU
		{C7BBE95D-F06C-4E45-A239-3B677DDF61B3}.Release|Any CPU.Build.0 = Release|Any CPU
		{1EF9A107-AE56-41C0-A3F5-D4A2C0CC175E}.Debug|Any CPU.ActiveCfg = Debug|Any CPU
		{1EF9A107-AE56-41C0-A3F5-D4A2C0CC175E}.Debug|Any CPU.Build.0 = Debug|Any CPU
		{1EF9A107-AE56-41C0-A3F5-D4A2C0CC175E}.Release|Any CPU.ActiveCfg = Release|Any CPU
		{1EF9A107-AE56-41C0-A3F5-D4A2C0CC175E}.Release|Any CPU.Build.0 = Release|Any CPU
		{0F5C61A2-A470-4871-972B-C8E9138EFEF2}.Debug|Any CPU.ActiveCfg = Debug|Any CPU
		{0F5C61A2-A470-4871-972B-C8E9138EFEF2}.Debug|Any CPU.Build.0 = Debug|Any CPU
		{0F5C61A2-A470-4871-972B-C8E9138EFEF2}.Release|Any CPU.ActiveCfg = Release|Any CPU
		{0F5C61A2-A470-4871-972B-C8E9138EFEF2}.Release|Any CPU.Build.0 = Release|Any CPU
	EndGlobalSection
	GlobalSection(SolutionProperties) = preSolution
		HideSolutionNode = FALSE
	EndGlobalSection
	GlobalSection(NestedProjects) = preSolution
		{6FFD39A6-1F2D-4B6E-BDA7-DF542CE88409} = {CB7FF5D2-2264-4D39-85E4-3929336F6043}
		{D60DC23F-A919-47FB-9AC9-540B39098EC7} = {547BD5EC-90E8-4F2B-A612-52C0ECAA34A4}
		{607536AC-76B2-400E-B147-6A9148B4F941} = {547BD5EC-90E8-4F2B-A612-52C0ECAA34A4}
		{4929E98C-0616-42AF-8AAE-C83E60F4B8DB} = {547BD5EC-90E8-4F2B-A612-52C0ECAA34A4}
		{C7BBE95D-F06C-4E45-A239-3B677DDF61B3} = {547BD5EC-90E8-4F2B-A612-52C0ECAA34A4}
		{1EF9A107-AE56-41C0-A3F5-D4A2C0CC175E} = {951605B1-5E9E-47DF-B7E1-D772F5853E3C}
		{0F5C61A2-A470-4871-972B-C8E9138EFEF2} = {951605B1-5E9E-47DF-B7E1-D772F5853E3C}
	EndGlobalSection
EndGlobal
